
Microsoft Visual Studio Solution File, Format Version 12.00
# Visual Studio Version 16
VisualStudioVersion = 16.0.31702.278
MinimumVisualStudioVersion = 10.0.40219.1
Project("{FAE04EC0-301F-11D3-BF4B-00C04F79EFBC}") = "Portfolio", "Portfolio\Portfolio.csproj", "{3FA9137B-8AA8-47E6-A896-804E8622FBCE}"
EndProject
Global
	GlobalSection(SolutionConfigurationPlatforms) = preSolution
		Debug|Any CPU = Debug|Any CPU
		Release|Any CPU = Release|Any CPU
	EndGlobalSection
	GlobalSection(ProjectConfigurationPlatforms) = postSolution
		{3FA9137B-8AA8-47E6-A896-804E8622FBCE}.Debug|Any CPU.ActiveCfg = Debug|Any CPU
		{3FA9137B-8AA8-47E6-A896-804E8622FBCE}.Debug|Any CPU.Build.0 = Debug|Any CPU
		{3FA9137B-8AA8-47E6-A896-804E8622FBCE}.Release|Any CPU.ActiveCfg = Release|Any CPU
		{3FA9137B-8AA8-47E6-A896-804E8622FBCE}.Release|Any CPU.Build.0 = Release|Any CPU
	EndGlobalSection
	GlobalSection(SolutionProperties) = preSolution
		HideSolutionNode = FALSE
	EndGlobalSection
	GlobalSection(ExtensibilityGlobals) = postSolution
		SolutionGuid = {EFF57E78-D6AA-40C2-B53F-848D96F03EE3}
	EndGlobalSection
EndGlobal
